// !$*UTF8*$!
{
	archiveVersion = 1;
	classes = {
	};
	objectVersion = 46;
	objects = {

/* Begin PBXBuildFile section */
		58CCDDD61A7FE96A0043D2E9 /* AppDelegate.swift in Sources */ = {isa = PBXBuildFile; fileRef = 58CCDDD51A7FE96A0043D2E9 /* AppDelegate.swift */; };
		58CCDDD91A7FE96A0043D2E9 /* Weather_API_App.xcdatamodeld in Sources */ = {isa = PBXBuildFile; fileRef = 58CCDDD71A7FE96A0043D2E9 /* Weather_API_App.xcdatamodeld */; };
		58CCDDDB1A7FE96A0043D2E9 /* ViewController.swift in Sources */ = {isa = PBXBuildFile; fileRef = 58CCDDDA1A7FE96A0043D2E9 /* ViewController.swift */; };
		58CCDDDE1A7FE96A0043D2E9 /* Main.storyboard in Resources */ = {isa = PBXBuildFile; fileRef = 58CCDDDC1A7FE96A0043D2E9 /* Main.storyboard */; };
		58CCDDE01A7FE96A0043D2E9 /* Images.xcassets in Resources */ = {isa = PBXBuildFile; fileRef = 58CCDDDF1A7FE96A0043D2E9 /* Images.xcassets */; };
		58CCDDE31A7FE96A0043D2E9 /* LaunchScreen.xib in Resources */ = {isa = PBXBuildFile; fileRef = 58CCDDE11A7FE96A0043D2E9 /* LaunchScreen.xib */; };
		58CCDDEF1A7FE96A0043D2E9 /* Weather_API_AppTests.swift in Sources */ = {isa = PBXBuildFile; fileRef = 58CCDDEE1A7FE96A0043D2E9 /* Weather_API_AppTests.swift */; };
		58CCDDF91A7FEECF0043D2E9 /* SecondViewController.swift in Sources */ = {isa = PBXBuildFile; fileRef = 58CCDDF81A7FEECF0043D2E9 /* SecondViewController.swift */; };
/* End PBXBuildFile section */

/* Begin PBXContainerItemProxy section */
		58CCDDE91A7FE96A0043D2E9 /* PBXContainerItemProxy */ = {
			isa = PBXContainerItemProxy;
			containerPortal = 58CCDDC81A7FE96A0043D2E9 /* Project object */;
			proxyType = 1;
			remoteGlobalIDString = 58CCDDCF1A7FE96A0043D2E9;
			remoteInfo = "Weather API App";
		};
/* End PBXContainerItemProxy section */

/* Begin PBXFileReference section */
		58CCDDD01A7FE96A0043D2E9 /* Weather API App.app */ = {isa = PBXFileReference; explicitFileType = wrapper.application; includeInIndex = 0; path = "Weather API App.app"; sourceTree = BUILT_PRODUCTS_DIR; };
		58CCDDD41A7FE96A0043D2E9 /* Info.plist */ = {isa = PBXFileReference; lastKnownFileType = text.plist.xml; path = Info.plist; sourceTree = "<group>"; };
		58CCDDD51A7FE96A0043D2E9 /* AppDelegate.swift */ = {isa = PBXFileReference; lastKnownFileType = sourcecode.swift; path = AppDelegate.swift; sourceTree = "<group>"; };
		58CCDDD81A7FE96A0043D2E9 /* Weather_API_App.xcdatamodel */ = {isa = PBXFileReference; lastKnownFileType = wrapper.xcdatamodel; path = Weather_API_App.xcdatamodel; sourceTree = "<group>"; };
		58CCDDDA1A7FE96A0043D2E9 /* ViewController.swift */ = {isa = PBXFileReference; lastKnownFileType = sourcecode.swift; path = ViewController.swift; sourceTree = "<group>"; };
		58CCDDDD1A7FE96A0043D2E9 /* Base */ = {isa = PBXFileReference; lastKnownFileType = file.storyboard; name = Base; path = Base.lproj/Main.storyboard; sourceTree = "<group>"; };
		58CCDDDF1A7FE96A0043D2E9 /* Images.xcassets */ = {isa = PBXFileReference; lastKnownFileType = folder.assetcatalog; path = Images.xcassets; sourceTree = "<group>"; };
		58CCDDE21A7FE96A0043D2E9 /* Base */ = {isa = PBXFileReference; lastKnownFileType = file.xib; name = Base; path = Base.lproj/LaunchScreen.xib; sourceTree = "<group>"; };
		58CCDDE81A7FE96A0043D2E9 /* Weather API AppTests.xctest */ = {isa = PBXFileReference; explicitFileType = wrapper.cfbundle; includeInIndex = 0; path = "Weather API AppTests.xctest"; sourceTree = BUILT_PRODUCTS_DIR; };
		58CCDDED1A7FE96A0043D2E9 /* Info.plist */ = {isa = PBXFileReference; lastKnownFileType = text.plist.xml; path = Info.plist; sourceTree = "<group>"; };
		58CCDDEE1A7FE96A0043D2E9 /* Weather_API_AppTests.swift */ = {isa = PBXFileReference; lastKnownFileType = sourcecode.swift; path = Weather_API_AppTests.swift; sourceTree = "<group>"; };
		58CCDDF81A7FEECF0043D2E9 /* SecondViewController.swift */ = {isa = PBXFileReference; fileEncoding = 4; lastKnownFileType = sourcecode.swift; path = SecondViewController.swift; sourceTree = "<group>"; };
/* End PBXFileReference section */

/* Begin PBXFrameworksBuildPhase section */
		58CCDDCD1A7FE96A0043D2E9 /* Frameworks */ = {
			isa = PBXFrameworksBuildPhase;
			buildActionMask = 2147483647;
			files = (
			);
			runOnlyForDeploymentPostprocessing = 0;
		};
		58CCDDE51A7FE96A0043D2E9 /* Frameworks */ = {
			isa = PBXFrameworksBuildPhase;
			buildActionMask = 2147483647;
			files = (
			);
			runOnlyForDeploymentPostprocessing = 0;
		};
/* End PBXFrameworksBuildPhase section */

/* Begin PBXGroup section */
		58CCDDC71A7FE96A0043D2E9 = {
			isa = PBXGroup;
			children = (
				58CCDDD21A7FE96A0043D2E9 /* Weather API App */,
				58CCDDEB1A7FE96A0043D2E9 /* Weather API AppTests */,
				58CCDDD11A7FE96A0043D2E9 /* Products */,
			);
			sourceTree = "<group>";
		};
		58CCDDD11A7FE96A0043D2E9 /* Products */ = {
			isa = PBXGroup;
			children = (
				58CCDDD01A7FE96A0043D2E9 /* Weather API App.app */,
				58CCDDE81A7FE96A0043D2E9 /* Weather API AppTests.xctest */,
			);
			name = Products;
			sourceTree = "<group>";
		};
		58CCDDD21A7FE96A0043D2E9 /* Weather API App */ = {
			isa = PBXGroup;
			children = (
				58CCDDD51A7FE96A0043D2E9 /* AppDelegate.swift */,
				58CCDDDA1A7FE96A0043D2E9 /* ViewController.swift */,
				58CCDDF81A7FEECF0043D2E9 /* SecondViewController.swift */,
				58CCDDDC1A7FE96A0043D2E9 /* Main.storyboard */,
				58CCDDDF1A7FE96A0043D2E9 /* Images.xcassets */,
				58CCDDE11A7FE96A0043D2E9 /* LaunchScreen.xib */,
				58CCDDD71A7FE96A0043D2E9 /* Weather_API_App.xcdatamodeld */,
				58CCDDD31A7FE96A0043D2E9 /* Supporting Files */,
			);
			path = "Weather API App";
			sourceTree = "<group>";
		};
		58CCDDD31A7FE96A0043D2E9 /* Supporting Files */ = {
			isa = PBXGroup;
			children = (
				58CCDDD41A7FE96A0043D2E9 /* Info.plist */,
			);
			name = "Supporting Files";
			sourceTree = "<group>";
		};
		58CCDDEB1A7FE96A0043D2E9 /* Weather API AppTests */ = {
			isa = PBXGroup;
			children = (
				58CCDDEE1A7FE96A0043D2E9 /* Weather_API_AppTests.swift */,
				58CCDDEC1A7FE96A0043D2E9 /* Supporting Files */,
			);
			path = "Weather API AppTests";
			sourceTree = "<group>";
		};
		58CCDDEC1A7FE96A0043D2E9 /* Supporting Files */ = {
			isa = PBXGroup;
			children = (
				58CCDDED1A7FE96A0043D2E9 /* Info.plist */,
			);
			name = "Supporting Files";
			sourceTree = "<group>";
		};
/* End PBXGroup section */

/* Begin PBXNativeTarget section */
		58CCDDCF1A7FE96A0043D2E9 /* Weather API App */ = {
			isa = PBXNativeTarget;
			buildConfigurationList = 58CCDDF21A7FE96A0043D2E9 /* Build configuration list for PBXNativeTarget "Weather API App" */;
			buildPhases = (
				58CCDDCC1A7FE96A0043D2E9 /* Sources */,
				58CCDDCD1A7FE96A0043D2E9 /* Frameworks */,
				58CCDDCE1A7FE96A0043D2E9 /* Resources */,
			);
			buildRules = (
			);
			dependencies = (
			);
			name = "Weather API App";
			productName = "Weather API App";
			productReference = 58CCDDD01A7FE96A0043D2E9 /* Weather API App.app */;
			productType = "com.apple.product-type.application";
		};
		58CCDDE71A7FE96A0043D2E9 /* Weather API AppTests */ = {
			isa = PBXNativeTarget;
			buildConfigurationList = 58CCDDF51A7FE96A0043D2E9 /* Build configuration list for PBXNativeTarget "Weather API AppTests" */;
			buildPhases = (
				58CCDDE41A7FE96A0043D2E9 /* Sources */,
				58CCDDE51A7FE96A0043D2E9 /* Frameworks */,
				58CCDDE61A7FE96A0043D2E9 /* Resources */,
			);
			buildRules = (
			);
			dependencies = (
				58CCDDEA1A7FE96A0043D2E9 /* PBXTargetDependency */,
			);
			name = "Weather API AppTests";
			productName = "Weather API AppTests";
			productReference = 58CCDDE81A7FE96A0043D2E9 /* Weather API AppTests.xctest */;
			productType = "com.apple.product-type.bundle.unit-test";
		};
/* End PBXNativeTarget section */

/* Begin PBXProject section */
		58CCDDC81A7FE96A0043D2E9 /* Project object */ = {
			isa = PBXProject;
			attributes = {
				LastUpgradeCheck = 0610;
				ORGANIZATIONNAME = "Scott Minter Designs";
				TargetAttributes = {
					58CCDDCF1A7FE96A0043D2E9 = {
						CreatedOnToolsVersion = 6.1.1;
					};
					58CCDDE71A7FE96A0043D2E9 = {
						CreatedOnToolsVersion = 6.1.1;
						TestTargetID = 58CCDDCF1A7FE96A0043D2E9;
					};
				};
			};
			buildConfigurationList = 58CCDDCB1A7FE96A0043D2E9 /* Build configuration list for PBXProject "Weather API App" */;
			compatibilityVersion = "Xcode 3.2";
			developmentRegion = English;
			hasScannedForEncodings = 0;
			knownRegions = (
				en,
				Base,
			);
			mainGroup = 58CCDDC71A7FE96A0043D2E9;
			productRefGroup = 58CCDDD11A7FE96A0043D2E9 /* Products */;
			projectDirPath = "";
			projectRoot = "";
			targets = (
				58CCDDCF1A7FE96A0043D2E9 /* Weather API App */,
				58CCDDE71A7FE96A0043D2E9 /* Weather API AppTests */,
			);
		};
/* End PBXProject section */

/* Begin PBXResourcesBuildPhase section */
		58CCDDCE1A7FE96A0043D2E9 /* Resources */ = {
			isa = PBXResourcesBuildPhase;
			buildActionMask = 2147483647;
			files = (
				58CCDDDE1A7FE96A0043D2E9 /* Main.storyboard in Resources */,
				58CCDDE31A7FE96A0043D2E9 /* LaunchScreen.xib in Resources */,
				58CCDDE01A7FE96A0043D2E9 /* Images.xcassets in Resources */,
			);
			runOnlyForDeploymentPostprocessing = 0;
		};
		58CCDDE61A7FE96A0043D2E9 /* Resources */ = {
			isa = PBXResourcesBuildPhase;
			buildActionMask = 2147483647;
			files = (
			);
			runOnlyForDeploymentPostprocessing = 0;
		};
/* End PBXResourcesBuildPhase section */

/* Begin PBXSourcesBuildPhase section */
		58CCDDCC1A7FE96A0043D2E9 /* Sources */ = {
			isa = PBXSourcesBuildPhase;
			buildActionMask = 2147483647;
			files = (
				58CCDDF91A7FEECF0043D2E9 /* SecondViewController.swift in Sources */,
				58CCDDDB1A7FE96A0043D2E9 /* ViewController.swift in Sources */,
				58CCDDD61A7FE96A0043D2E9 /* AppDelegate.swift in Sources */,
				58CCDDD91A7FE96A0043D2E9 /* Weather_API_App.xcdatamodeld in Sources */,
			);
			runOnlyForDeploymentPostprocessing = 0;
		};
		58CCDDE41A7FE96A0043D2E9 /* Sources */ = {
			isa = PBXSourcesBuildPhase;
			buildActionMask = 2147483647;
			files = (
				58CCDDEF1A7FE96A0043D2E9 /* Weather_API_AppTests.swift in Sources */,
			);
			runOnlyForDeploymentPostprocessing = 0;
		};
/* End PBXSourcesBuildPhase section */

/* Begin PBXTargetDependency section */
		58CCDDEA1A7FE96A0043D2E9 /* PBXTargetDependency */ = {
			isa = PBXTargetDependency;
			target = 58CCDDCF1A7FE96A0043D2E9 /* Weather API App */;
			targetProxy = 58CCDDE91A7FE96A0043D2E9 /* PBXContainerItemProxy */;
		};
/* End PBXTargetDependency section */

/* Begin PBXVariantGroup section */
		58CCDDDC1A7FE96A0043D2E9 /* Main.storyboard */ = {
			isa = PBXVariantGroup;
			children = (
				58CCDDDD1A7FE96A0043D2E9 /* Base */,
			);
			name = Main.storyboard;
			sourceTree = "<group>";
		};
		58CCDDE11A7FE96A0043D2E9 /* LaunchScreen.xib */ = {
			isa = PBXVariantGroup;
			children = (
				58CCDDE21A7FE96A0043D2E9 /* Base */,
			);
			name = LaunchScreen.xib;
			sourceTree = "<group>";
		};
/* End PBXVariantGroup section */

/* Begin XCBuildConfiguration section */
		58CCDDF01A7FE96A0043D2E9 /* Debug */ = {
			isa = XCBuildConfiguration;
			buildSettings = {
				ALWAYS_SEARCH_USER_PATHS = NO;
				CLANG_CXX_LANGUAGE_STANDARD = "gnu++0x";
				CLANG_CXX_LIBRARY = "libc++";
				CLANG_ENABLE_MODULES = YES;
				CLANG_ENABLE_OBJC_ARC = YES;
				CLANG_WARN_BOOL_CONVERSION = YES;
				CLANG_WARN_CONSTANT_CONVERSION = YES;
				CLANG_WARN_DIRECT_OBJC_ISA_USAGE = YES_ERROR;
				CLANG_WARN_EMPTY_BODY = YES;
				CLANG_WARN_ENUM_CONVERSION = YES;
				CLANG_WARN_INT_CONVERSION = YES;
				CLANG_WARN_OBJC_ROOT_CLASS = YES_ERROR;
				CLANG_WARN_UNREACHABLE_CODE = YES;
				CLANG_WARN__DUPLICATE_METHOD_MATCH = YES;
				"CODE_SIGN_IDENTITY[sdk=iphoneos*]" = "iPhone Developer";
				COPY_PHASE_STRIP = NO;
				ENABLE_STRICT_OBJC_MSGSEND = YES;
				GCC_C_LANGUAGE_STANDARD = gnu99;
				GCC_DYNAMIC_NO_PIC = NO;
				GCC_OPTIMIZATION_LEVEL = 0;
				GCC_PREPROCESSOR_DEFINITIONS = (
					"DEBUG=1",
					"$(inherited)",
				);
				GCC_SYMBOLS_PRIVATE_EXTERN = NO;
				GCC_WARN_64_TO_32_BIT_CONVERSION = YES;
				GCC_WARN_ABOUT_RETURN_TYPE = YES_ERROR;
				GCC_WARN_UNDECLARED_SELECTOR = YES;
				GCC_WARN_UNINITIALIZED_AUTOS = YES_AGGRESSIVE;
				GCC_WARN_UNUSED_FUNCTION = YES;
				GCC_WARN_UNUSED_VARIABLE = YES;
				IPHONEOS_DEPLOYMENT_TARGET = 8.1;
				MTL_ENABLE_DEBUG_INFO = YES;
				ONLY_ACTIVE_ARCH = YES;
				SDKROOT = iphoneos;
				SWIFT_OPTIMIZATION_LEVEL = "-Onone";
			};
			name = Debug;
		};
		58CCDDF11A7FE96A0043D2E9 /* Release */ = {
			isa = XCBuildConfiguration;
			buildSettings = {
				ALWAYS_SEARCH_USER_PATHS = NO;
				CLANG_CXX_LANGUAGE_STANDARD = "gnu++0x";
				CLANG_CXX_LIBRARY = "libc++";
				CLANG_ENABLE_MODULES = YES;
				CLANG_ENABLE_OBJC_ARC = YES;
				CLANG_WARN_BOOL_CONVERSION = YES;
				CLANG_WARN_CONSTANT_CONVERSION = YES;
				CLANG_WARN_DIRECT_OBJC_ISA_USAGE = YES_ERROR;
				CLANG_WARN_EMPTY_BODY = YES;
				CLANG_WARN_ENUM_CONVERSION = YES;
				CLANG_WARN_INT_CONVERSION = YES;
				CLANG_WARN_OBJC_ROOT_CLASS = YES_ERROR;
				CLANG_WARN_UNREACHABLE_CODE = YES;
				CLANG_WARN__DUPLICATE_METHOD_MATCH = YES;
				"CODE_SIGN_IDENTITY[sdk=iphoneos*]" = "iPhone Developer";
				COPY_PHASE_STRIP = YES;
				ENABLE_NS_ASSERTIONS = NO;
				ENABLE_STRICT_OBJC_MSGSEND = YES;
				GCC_C_LANGUAGE_STANDARD = gnu99;
				GCC_WARN_64_TO_32_BIT_CONVERSION = YES;
				GCC_WARN_ABOUT_RETURN_TYPE = YES_ERROR;
				GCC_WARN_UNDECLARED_SELECTOR = YES;
				GCC_WARN_UNINITIALIZED_AUTOS = YES_AGGRESSIVE;
				GCC_WARN_UNUSED_FUNCTION = YES;
				GCC_WARN_UNUSED_VARIABLE = YES;
				IPHONEOS_DEPLOYMENT_TARGET = 8.1;
				MTL_ENABLE_DEBUG_INFO = NO;
				SDKROOT = iphoneos;
				VALIDATE_PRODUCT = YES;
			};
			name = Release;
		};
		58CCDDF31A7FE96A0043D2E9 /* Debug */ = {
			isa = XCBuildConfiguration;
			buildSettings = {
				ASSETCATALOG_COMPILER_APPICON_NAME = AppIcon;
				INFOPLIST_FILE = "Weather API App/Info.plist";
				LD_RUNPATH_SEARCH_PATHS = "$(inherited) @executable_path/Frameworks";
				PRODUCT_NAME = "$(TARGET_NAME)";
			};
			name = Debug;
		};
		58CCDDF41A7FE96A0043D2E9 /* Release */ = {
			isa = XCBuildConfiguration;
			buildSettings = {
				ASSETCATALOG_COMPILER_APPICON_NAME = AppIcon;
				INFOPLIST_FILE = "Weather API App/Info.plist";
				LD_RUNPATH_SEARCH_PATHS = "$(inherited) @executable_path/Frameworks";
				PRODUCT_NAME = "$(TARGET_NAME)";
			};
			name = Release;
		};
		58CCDDF61A7FE96A0043D2E9 /* Debug */ = {
			isa = XCBuildConfiguration;
			buildSettings = {
				BUNDLE_LOADER = "$(TEST_HOST)";
				FRAMEWORK_SEARCH_PATHS = (
					"$(SDKROOT)/Developer/Library/Frameworks",
					"$(inherited)",
				);
				GCC_PREPROCESSOR_DEFINITIONS = (
					"DEBUG=1",
					"$(inherited)",
				);
				INFOPLIST_FILE = "Weather API AppTests/Info.plist";
				LD_RUNPATH_SEARCH_PATHS = "$(inherited) @executable_path/Frameworks @loader_path/Frameworks";
				PRODUCT_NAME = "$(TARGET_NAME)";
				TEST_HOST = "$(BUILT_PRODUCTS_DIR)/Weather API App.app/Weather API App";
			};
			name = Debug;
		};
		58CCDDF71A7FE96A0043D2E9 /* Release */ = {
			isa = XCBuildConfiguration;
			buildSettings = {
				BUNDLE_LOADER = "$(TEST_HOST)";
				FRAMEWORK_SEARCH_PATHS = (
					"$(SDKROOT)/Developer/Library/Frameworks",
					"$(inherited)",
				);
				INFOPLIST_FILE = "Weather API AppTests/Info.plist";
				LD_RUNPATH_SEARCH_PATHS = "$(inherited) @executable_path/Frameworks @loader_path/Frameworks";
				PRODUCT_NAME = "$(TARGET_NAME)";
				TEST_HOST = "$(BUILT_PRODUCTS_DIR)/Weather API App.app/Weather API App";
			};
			name = Release;
		};
/* End XCBuildConfiguration section */

/* Begin XCConfigurationList section */
		58CCDDCB1A7FE96A0043D2E9 /* Build configuration list for PBXProject "Weather API App" */ = {
			isa = XCConfigurationList;
			buildConfigurations = (
				58CCDDF01A7FE96A0043D2E9 /* Debug */,
				58CCDDF11A7FE96A0043D2E9 /* Release */,
			);
			defaultConfigurationIsVisible = 0;
			defaultConfigurationName = Release;
		};
		58CCDDF21A7FE96A0043D2E9 /* Build configuration list for PBXNativeTarget "Weather API App" */ = {
			isa = XCConfigurationList;
			buildConfigurations = (
				58CCDDF31A7FE96A0043D2E9 /* Debug */,
				58CCDDF41A7FE96A0043D2E9 /* Release */,
			);
			defaultConfigurationIsVisible = 0;
		};
		58CCDDF51A7FE96A0043D2E9 /* Build configuration list for PBXNativeTarget "Weather API AppTests" */ = {
			isa = XCConfigurationList;
			buildConfigurations = (
				58CCDDF61A7FE96A0043D2E9 /* Debug */,
				58CCDDF71A7FE96A0043D2E9 /* Release */,
			);
			defaultConfigurationIsVisible = 0;
		};
/* End XCConfigurationList section */

/* Begin XCVersionGroup section */
		58CCDDD71A7FE96A0043D2E9 /* Weather_API_App.xcdatamodeld */ = {
			isa = XCVersionGroup;
			children = (
				58CCDDD81A7FE96A0043D2E9 /* Weather_API_App.xcdatamodel */,
			);
			currentVersion = 58CCDDD81A7FE96A0043D2E9 /* Weather_API_App.xcdatamodel */;
			path = Weather_API_App.xcdatamodeld;
			sourceTree = "<group>";
			versionGroupType = wrapper.xcdatamodel;
		};
/* End XCVersionGroup section */
	};
	rootObject = 58CCDDC81A7FE96A0043D2E9 /* Project object */;
}
